<?xml version="1.0" encoding="utf-8"?>
<Project ToolsVersion="4.0" xmlns="http://schemas.microsoft.com/developer/msbuild/2003">
  <ItemGroup>
    <Filter Include="include">
      <UniqueIdentifier>{1b6e4c8e-bb9e-4411-90c9-dacc80820973}</UniqueIdentifier>
    </Filter>
    <Filter Include="source">
      <UniqueIdentifier>{b0397482-fcaf-402f-9052-0ea2719a7499}</UniqueIdentifier>
    </Filter>
    <Filter Include="dependencies">
      <UniqueIdentifier>{57d63d38-9f2b-492a-ad35-18a5c80d61e7}</UniqueIdentifier>
    </Filter>
    <Filter Include="include\base">
      <UniqueIdentifier>{a1cb33ee-84b9-4730-868a-0f1728a0153e}</UniqueIdentifier>
    </Filter>
    <Filter Include="include\math">
      <UniqueIdentifier>{79df6080-ccb6-4511-8a8f-9741c6f6dd1e}</UniqueIdentifier>
    </Filter>
    <Filter Include="include\math\custom">
      <UniqueIdentifier>{5e756e8e-c2fc-4db6-8676-371a91381a83}</UniqueIdentifier>
    </Filter>
    <Filter Include="include\data">
      <UniqueIdentifier>{b321670c-219c-4484-b868-77e3ec96cfe7}</UniqueIdentifier>
    </Filter>
    <Filter Include="include\video">
      <UniqueIdentifier>{1c849ea0-de4b-4921-a3f2-a91ee34e11c3}</UniqueIdentifier>
    </Filter>
    <Filter Include="include\video\linux">
      <UniqueIdentifier>{e0bfc55c-1820-4355-9d7a-7bd819eb1e82}</UniqueIdentifier>
    </Filter>
    <Filter Include="source\base">
      <UniqueIdentifier>{16e15b49-fb44-4e17-92ee-51fbd1d7976d}</UniqueIdentifier>
    </Filter>
    <Filter Include="source\data">
      <UniqueIdentifier>{25e05208-ac43-4305-81a5-4611f9c5935e}</UniqueIdentifier>
    </Filter>
    <Filter Include="source\video">
      <UniqueIdentifier>{f65bc40d-c100-4e07-842f-a4ae5910181b}</UniqueIdentifier>
    </Filter>
    <Filter Include="source\video\linux">
      <UniqueIdentifier>{e15faeb4-f117-4276-8d33-6cf0e9b8706c}</UniqueIdentifier>
    </Filter>
    <Filter Include="source\video\win32">
      <UniqueIdentifier>{cd11c554-b4de-4f22-8bfd-e4cbf6d1c919}</UniqueIdentifier>
    </Filter>
    <Filter Include="include\video\win32">
      <UniqueIdentifier>{445fe4ab-b8c4-46fc-b7ae-37fc661af91a}</UniqueIdentifier>
    </Filter>
  </ItemGroup>
  <ItemGroup>
    <ClCompile Include="..\..\..\dependencies\msvc\source\glew.c">
      <Filter>dependencies</Filter>
    </ClCompile>
    <ClCompile Include="..\..\..\dependencies\msvc\source\sqlite3.c">
      <Filter>dependencies</Filter>
    </ClCompile>
    <ClCompile Include="..\..\source\base\bDate.cpp">
      <Filter>source\base</Filter>
    </ClCompile>
    <ClCompile Include="..\..\source\base\bLog.cpp">
      <Filter>source\base</Filter>
    </ClCompile>
    <ClCompile Include="..\..\source\base\bLogFile.cpp">
      <Filter>source\base</Filter>
    </ClCompile>
    <ClCompile Include="..\..\source\base\bRandom.cpp">
      <Filter>source\base</Filter>
    </ClCompile>
    <ClCompile Include="..\..\source\base\bString.cpp">
      <Filter>source\base</Filter>
    </ClCompile>
    <ClCompile Include="..\..\source\data\dBinStream.cpp">
      <Filter>source\data</Filter>
    </ClCompile>
    <ClCompile Include="..\..\source\data\dBitmap.cpp">
      <Filter>source\data</Filter>
    </ClCompile>
    <ClCompile Include="..\..\source\data\dDatabase.cpp">
      <Filter>source\data</Filter>
    </ClCompile>
    <ClCompile Include="..\..\source\data\dDatabaseColumn.cpp">
      <Filter>source\data</Filter>
    </ClCompile>
    <ClCompile Include="..\..\source\data\dDatabaseQuerry.cpp">
      <Filter>source\data</Filter>
    </ClCompile>
    <ClCompile Include="..\..\source\data\dFile.cpp">
      <Filter>source\data</Filter>
    </ClCompile>
    <ClCompile Include="..\..\source\data\dFont.cpp">
      <Filter>source\data</Filter>
    </ClCompile>
    <ClCompile Include="..\..\source\data\dJSON.cpp">
      <Filter>source\data</Filter>
    </ClCompile>
    <ClCompile Include="..\..\source\data\dMFile.cpp">
      <Filter>source\data</Filter>
    </ClCompile>
    <ClCompile Include="..\..\source\data\dXML.cpp">
      <Filter>source\data</Filter>
    </ClCompile>
    <ClCompile Include="..\..\source\video\win32\vwMessage.cpp">
      <Filter>source\video\win32</Filter>
    </ClCompile>
    <ClCompile Include="..\..\source\video\linux\vlMessage.cpp">
      <Filter>source\video\linux</Filter>
    </ClCompile>
    <ClCompile Include="..\..\source\video\linux\vlWindow.cpp">
      <Filter>source\video\linux</Filter>
    </ClCompile>
    <ClCompile Include="..\..\source\video\linux\vlXlib.cpp">
      <Filter>source\video\linux</Filter>
    </ClCompile>
  </ItemGroup>
  <ItemGroup>
    <ClInclude Include="..\..\include\base\base.h">
      <Filter>include\base</Filter>
    </ClInclude>
    <ClInclude Include="..\..\include\base\Date.h">
      <Filter>include\base</Filter>
    </ClInclude>
    <ClInclude Include="..\..\include\base\Exception.h">
      <Filter>include\base</Filter>
    </ClInclude>
    <ClInclude Include="..\..\include\base\FormatMacro.h">
      <Filter>include\base</Filter>
    </ClInclude>
    <ClInclude Include="..\..\include\base\Kin.h">
      <Filter>include\base</Filter>
    </ClInclude>
    <ClInclude Include="..\..\include\base\Log.h">
      <Filter>include\base</Filter>
    </ClInclude>
    <ClInclude Include="..\..\include\base\LogFile.h">
      <Filter>include\base</Filter>
    </ClInclude>
    <ClInclude Include="..\..\include\base\Random.h">
      <Filter>include\base</Filter>
    </ClInclude>
    <ClInclude Include="..\..\include\base\Setup.h">
      <Filter>include\base</Filter>
    </ClInclude>
    <ClInclude Include="..\..\include\base\String.h">
      <Filter>include\base</Filter>
    </ClInclude>
    <ClInclude Include="..\..\include\base\Timer.h">
      <Filter>include\base</Filter>
    </ClInclude>
    <ClInclude Include="..\..\include\math\math.h">
      <Filter>include\math</Filter>
    </ClInclude>
    <ClInclude Include="..\..\include\math\origin.h">
      <Filter>include\math</Filter>
    </ClInclude>
    <ClInclude Include="..\..\include\math\custom\origin.h">
      <Filter>include\math\custom</Filter>
    </ClInclude>
    <ClInclude Include="..\..\include\data\BinStream.h">
      <Filter>include\data</Filter>
    </ClInclude>
    <ClInclude Include="..\..\include\data\Bitmap.h">
      <Filter>include\data</Filter>
    </ClInclude>
    <ClInclude Include="..\..\include\data\data.h">
      <Filter>include\data</Filter>
    </ClInclude>
    <ClInclude Include="..\..\include\data\Database.h">
      <Filter>include\data</Filter>
    </ClInclude>
    <ClInclude Include="..\..\include\data\File.h">
      <Filter>include\data</Filter>
    </ClInclude>
    <ClInclude Include="..\..\include\data\Font.h">
      <Filter>include\data</Filter>
    </ClInclude>
    <ClInclude Include="..\..\include\data\JSON.h">
      <Filter>include\data</Filter>
    </ClInclude>
    <ClInclude Include="..\..\include\data\XML.h">
      <Filter>include\data</Filter>
    </ClInclude>
    <ClInclude Include="..\..\include\video\Message.h">
      <Filter>include\video</Filter>
    </ClInclude>
    <ClInclude Include="..\..\include\video\video.h">
      <Filter>include\video</Filter>
    </ClInclude>
    <ClInclude Include="..\..\include\video\Window.h">
      <Filter>include\video</Filter>
    </ClInclude>
    <ClInclude Include="..\..\include\video\win32\Windows.h">
      <Filter>include\video\win32</Filter>
    </ClInclude>
    <ClInclude Include="..\..\include\video\linux\Xlib.h">
      <Filter>include\video\linux</Filter>
    </ClInclude>
    <ClInclude Include="..\..\include\base\Entry.h">
      <Filter>include\base</Filter>
    </ClInclude>
  </ItemGroup>
</Project>