<?xml version="1.0" encoding="utf-8"?>
<Project ToolsVersion="4.0" xmlns="http://schemas.microsoft.com/developer/msbuild/2003">
  <ItemGroup>
    <Filter Include="Source Files">
      <UniqueIdentifier>{4FC737F1-C7A5-4376-A066-2A32D752A2FF}</UniqueIdentifier>
      <Extensions>cpp;c;cc;cxx;def;odl;idl;hpj;bat;asm;asmx</Extensions>
    </Filter>
    <Filter Include="Header Files">
      <UniqueIdentifier>{93995380-89BD-4b04-88EB-625FBE52EBFB}</UniqueIdentifier>
      <Extensions>h;hh;hpp;hxx;hm;inl;inc;xsd</Extensions>
    </Filter>
    <Filter Include="Resource Files">
      <UniqueIdentifier>{67DA6AB6-F800-4c08-8B7A-83BB121AAD01}</UniqueIdentifier>
      <Extensions>rc;ico;cur;bmp;dlg;rc2;rct;bin;rgs;gif;jpg;jpeg;jpe;resx;tiff;tif;png;wav;mfcribbon-ms</Extensions>
    </Filter>
  </ItemGroup>
  <ItemGroup>
    <ClInclude Include="private\include\graphic\GLEWmx.h">
      <Filter>Header Files</Filter>
    </ClInclude>
    <ClInclude Include="private\include\input\win32\DIDevice.h">
      <Filter>Header Files</Filter>
    </ClInclude>
    <ClInclude Include="private\include\input\win32\DIMouse.h">
      <Filter>Header Files</Filter>
    </ClInclude>
    <ClInclude Include="private\include\input\win32\WindowProc.h">
      <Filter>Header Files</Filter>
    </ClInclude>
    <ClInclude Include="private\include\video\win32\BitmapToIcon.h">
      <Filter>Header Files</Filter>
    </ClInclude>
    <ClInclude Include="private\include\video\win32\WindowClass.h">
      <Filter>Header Files</Filter>
    </ClInclude>
    <ClInclude Include="private\include\video\win32\WindowInfo.h">
      <Filter>Header Files</Filter>
    </ClInclude>
    <ClInclude Include="private\include\video\win32\Windows.h">
      <Filter>Header Files</Filter>
    </ClInclude>
    <ClInclude Include="public\include\video\Cursor.h">
      <Filter>Header Files</Filter>
    </ClInclude>
    <ClInclude Include="public\include\video\Display.h">
      <Filter>Header Files</Filter>
    </ClInclude>
    <ClInclude Include="public\include\video\Message.h">
      <Filter>Header Files</Filter>
    </ClInclude>
    <ClInclude Include="public\include\video\video.h">
      <Filter>Header Files</Filter>
    </ClInclude>
    <ClInclude Include="public\include\video\Window.h">
      <Filter>Header Files</Filter>
    </ClInclude>
    <ClInclude Include="public\include\base\base.h">
      <Filter>Header Files</Filter>
    </ClInclude>
    <ClInclude Include="public\include\base\Date.h">
      <Filter>Header Files</Filter>
    </ClInclude>
    <ClInclude Include="public\include\base\Entry.h">
      <Filter>Header Files</Filter>
    </ClInclude>
    <ClInclude Include="public\include\base\Exception.h">
      <Filter>Header Files</Filter>
    </ClInclude>
    <ClInclude Include="public\include\base\FormatMacro.h">
      <Filter>Header Files</Filter>
    </ClInclude>
    <ClInclude Include="public\include\base\Kin.h">
      <Filter>Header Files</Filter>
    </ClInclude>
    <ClInclude Include="public\include\base\Log.h">
      <Filter>Header Files</Filter>
    </ClInclude>
    <ClInclude Include="public\include\base\LogFile.h">
      <Filter>Header Files</Filter>
    </ClInclude>
    <ClInclude Include="public\include\base\Random.h">
      <Filter>Header Files</Filter>
    </ClInclude>
    <ClInclude Include="public\include\base\Setup.h">
      <Filter>Header Files</Filter>
    </ClInclude>
    <ClInclude Include="public\include\base\String.h">
      <Filter>Header Files</Filter>
    </ClInclude>
    <ClInclude Include="public\include\base\Timer.h">
      <Filter>Header Files</Filter>
    </ClInclude>
    <ClInclude Include="public\include\data\BinStream.h">
      <Filter>Header Files</Filter>
    </ClInclude>
    <ClInclude Include="public\include\data\Bitmap.h">
      <Filter>Header Files</Filter>
    </ClInclude>
    <ClInclude Include="public\include\data\data.h">
      <Filter>Header Files</Filter>
    </ClInclude>
    <ClInclude Include="public\include\data\Database.h">
      <Filter>Header Files</Filter>
    </ClInclude>
    <ClInclude Include="public\include\data\File.h">
      <Filter>Header Files</Filter>
    </ClInclude>
    <ClInclude Include="public\include\data\Font.h">
      <Filter>Header Files</Filter>
    </ClInclude>
    <ClInclude Include="public\include\data\JSON.h">
      <Filter>Header Files</Filter>
    </ClInclude>
    <ClInclude Include="public\include\data\XML.h">
      <Filter>Header Files</Filter>
    </ClInclude>
    <ClInclude Include="public\include\graphic\GL.h">
      <Filter>Header Files</Filter>
    </ClInclude>
    <ClInclude Include="public\include\graphic\GLContext.h">
      <Filter>Header Files</Filter>
    </ClInclude>
    <ClInclude Include="public\include\graphic\GLTypedefs.h">
      <Filter>Header Files</Filter>
    </ClInclude>
    <ClInclude Include="public\include\graphic\graphic.h">
      <Filter>Header Files</Filter>
    </ClInclude>
    <ClInclude Include="public\include\graphic\Texture.h">
      <Filter>Header Files</Filter>
    </ClInclude>
    <ClInclude Include="public\include\input\EventLoop.h">
      <Filter>Header Files</Filter>
    </ClInclude>
    <ClInclude Include="public\include\input\input.h">
      <Filter>Header Files</Filter>
    </ClInclude>
    <ClInclude Include="public\include\math\custom\origin.h">
      <Filter>Header Files</Filter>
    </ClInclude>
    <ClInclude Include="public\include\math\math.h">
      <Filter>Header Files</Filter>
    </ClInclude>
    <ClInclude Include="public\include\math\origin.h">
      <Filter>Header Files</Filter>
    </ClInclude>
    <ClInclude Include="public\include\base\Types.h">
      <Filter>Header Files</Filter>
    </ClInclude>
    <ClInclude Include="public\include\graphic\VertexBuffer.h">
      <Filter>Header Files</Filter>
    </ClInclude>
    <ClInclude Include="public\include\graphic\Shader.h">
      <Filter>Header Files</Filter>
    </ClInclude>
    <ClInclude Include="public\include\graphic\Program.h">
      <Filter>Header Files</Filter>
    </ClInclude>
    <ClInclude Include="public\include\graphic\FrameBuffer.h">
      <Filter>Header Files</Filter>
    </ClInclude>
    <ClInclude Include="private\include\graphic\TextureTranslate.h">
      <Filter>Header Files</Filter>
    </ClInclude>
    <ClInclude Include="public\include\data\Mesh.h">
      <Filter>Header Files</Filter>
    </ClInclude>
    <ClInclude Include="private\include\input\win32\XInput.h">
      <Filter>Header Files</Filter>
    </ClInclude>
    <ClInclude Include="public\include\input\KeyListener.h">
      <Filter>Header Files</Filter>
    </ClInclude>
    <ClInclude Include="public\include\input\Key.h">
      <Filter>Header Files</Filter>
    </ClInclude>
    <ClInclude Include="public\include\input\MouseListener.h">
      <Filter>Header Files</Filter>
    </ClInclude>
    <ClInclude Include="public\include\input\CharListener.h">
      <Filter>Header Files</Filter>
    </ClInclude>
    <ClInclude Include="public\include\input\WindowListener.h">
      <Filter>Header Files</Filter>
    </ClInclude>
    <ClInclude Include="public\include\input\QuitListener.h">
      <Filter>Header Files</Filter>
    </ClInclude>
    <ClInclude Include="public\include\input\EventHub.h">
      <Filter>Header Files</Filter>
    </ClInclude>
    <ClInclude Include="public\include\video\Placement.h">
      <Filter>Header Files</Filter>
    </ClInclude>
    <ClInclude Include="private\include\video\win32\Placement.h">
      <Filter>Header Files</Filter>
    </ClInclude>
    <ClInclude Include="private\include\video\win32\WindowStyle.h">
      <Filter>Header Files</Filter>
    </ClInclude>
  </ItemGroup>
  <ItemGroup>
    <ClCompile Include="private\source\base\bDate.cpp">
      <Filter>Source Files</Filter>
    </ClCompile>
    <ClCompile Include="private\source\base\bLog.cpp">
      <Filter>Source Files</Filter>
    </ClCompile>
    <ClCompile Include="private\source\base\bLogFile.cpp">
      <Filter>Source Files</Filter>
    </ClCompile>
    <ClCompile Include="private\source\base\bString.cpp">
      <Filter>Source Files</Filter>
    </ClCompile>
    <ClCompile Include="private\source\data\dBinStream.cpp">
      <Filter>Source Files</Filter>
    </ClCompile>
    <ClCompile Include="private\source\data\dBitmap.cpp">
      <Filter>Source Files</Filter>
    </ClCompile>
    <ClCompile Include="private\source\data\dDatabase.cpp">
      <Filter>Source Files</Filter>
    </ClCompile>
    <ClCompile Include="private\source\data\dDatabaseColumn.cpp">
      <Filter>Source Files</Filter>
    </ClCompile>
    <ClCompile Include="private\source\data\dDatabaseQuerry.cpp">
      <Filter>Source Files</Filter>
    </ClCompile>
    <ClCompile Include="private\source\data\dFile.cpp">
      <Filter>Source Files</Filter>
    </ClCompile>
    <ClCompile Include="private\source\data\dFont.cpp">
      <Filter>Source Files</Filter>
    </ClCompile>
    <ClCompile Include="private\source\data\dJSON.cpp">
      <Filter>Source Files</Filter>
    </ClCompile>
    <ClCompile Include="private\source\data\dXML.cpp">
      <Filter>Source Files</Filter>
    </ClCompile>
    <ClCompile Include="private\source\graphic\win32\gwGLContext.cpp">
      <Filter>Source Files</Filter>
    </ClCompile>
    <ClCompile Include="private\source\graphic\gGL.cpp">
      <Filter>Source Files</Filter>
    </ClCompile>
    <ClCompile Include="private\source\graphic\gGLEWmx.cpp">
      <Filter>Source Files</Filter>
    </ClCompile>
    <ClCompile Include="private\source\graphic\graphic.cpp">
      <Filter>Source Files</Filter>
    </ClCompile>
    <ClCompile Include="private\source\graphic\gTexture.cpp">
      <Filter>Source Files</Filter>
    </ClCompile>
    <ClCompile Include="private\source\input\win32\iwDIDevice.cpp">
      <Filter>Source Files</Filter>
    </ClCompile>
    <ClCompile Include="private\source\input\win32\iwDIMouse.cpp">
      <Filter>Source Files</Filter>
    </ClCompile>
    <ClCompile Include="private\source\input\win32\iwEventLoop.cpp">
      <Filter>Source Files</Filter>
    </ClCompile>
    <ClCompile Include="private\source\input\win32\iwWindowProc.cpp">
      <Filter>Source Files</Filter>
    </ClCompile>
    <ClCompile Include="private\source\input\iEventLoop.cpp">
      <Filter>Source Files</Filter>
    </ClCompile>
    <ClCompile Include="private\source\video\win32\vwBitmapToIcon.cpp">
      <Filter>Source Files</Filter>
    </ClCompile>
    <ClCompile Include="private\source\video\win32\vwCursor.cpp">
      <Filter>Source Files</Filter>
    </ClCompile>
    <ClCompile Include="private\source\video\win32\vwDisplay.cpp">
      <Filter>Source Files</Filter>
    </ClCompile>
    <ClCompile Include="private\source\video\win32\vwMessage.cpp">
      <Filter>Source Files</Filter>
    </ClCompile>
    <ClCompile Include="private\source\video\win32\vwWindow.cpp">
      <Filter>Source Files</Filter>
    </ClCompile>
    <ClCompile Include="private\source\video\win32\vwWindowClass.cpp">
      <Filter>Source Files</Filter>
    </ClCompile>
    <ClCompile Include="dependencies\source\glew.c">
      <Filter>Source Files</Filter>
    </ClCompile>
    <ClCompile Include="dependencies\source\pugixml.cpp">
      <Filter>Source Files</Filter>
    </ClCompile>
    <ClCompile Include="dependencies\source\sqlite3.c">
      <Filter>Source Files</Filter>
    </ClCompile>
    <ClCompile Include="private\source\graphic\gVertexBuffer.cpp">
      <Filter>Source Files</Filter>
    </ClCompile>
    <ClCompile Include="private\source\graphic\gShader.cpp">
      <Filter>Source Files</Filter>
    </ClCompile>
    <ClCompile Include="private\source\graphic\gProgram.cpp">
      <Filter>Source Files</Filter>
    </ClCompile>
    <ClCompile Include="private\source\graphic\gFrameBuffer.cpp">
      <Filter>Source Files</Filter>
    </ClCompile>
    <ClCompile Include="private\source\data\dMesh.cpp">
      <Filter>Source Files</Filter>
    </ClCompile>
    <ClCompile Include="private\source\input\win32\iwXInput.cpp">
      <Filter>Source Files</Filter>
    </ClCompile>
    <ClCompile Include="private\source\input\iKey.cpp">
      <Filter>Source Files</Filter>
    </ClCompile>
    <ClCompile Include="private\source\input\iEventHub.cpp">
      <Filter>Source Files</Filter>
    </ClCompile>
    <ClCompile Include="private\source\video\win32\vwPlacement.cpp">
      <Filter>Source Files</Filter>
    </ClCompile>
    <ClCompile Include="private\source\video\vPlacement.cpp">
      <Filter>Source Files</Filter>
    </ClCompile>
  </ItemGroup>
</Project>